
Microsoft Visual Studio Solution File, Format Version 12.00
# Visual Studio Version 16
VisualStudioVersion = 16.0.33214.272
MinimumVisualStudioVersion = 10.0.40219.1
Project("{FAE04EC0-301F-11D3-BF4B-00C04F79EFBC}") = "LearningExercise", "LearningExercise\LearningExercise.csproj", "{6DE22D21-2336-47F7-8E68-B725D61DB312}"
EndProject
Global
	GlobalSection(SolutionConfigurationPlatforms) = preSolution
		Debug|Any CPU = Debug|Any CPU
		Release|Any CPU = Release|Any CPU
	EndGlobalSection
	GlobalSection(ProjectConfigurationPlatforms) = postSolution
		{6DE22D21-2336-47F7-8E68-B725D61DB312}.Debug|Any CPU.ActiveCfg = Debug|Any CPU
		{6DE22D21-2336-47F7-8E68-B725D61DB312}.Debug|Any CPU.Build.0 = Debug|Any CPU
		{6DE22D21-2336-47F7-8E68-B725D61DB312}.Release|Any CPU.ActiveCfg = Release|Any CPU
		{6DE22D21-2336-47F7-8E68-B725D61DB312}.Release|Any CPU.Build.0 = Release|Any CPU
	EndGlobalSection
	GlobalSection(SolutionProperties) = preSolution
		HideSolutionNode = FALSE
	EndGlobalSection
	GlobalSection(ExtensibilityGlobals) = postSolution
		SolutionGuid = {11F13118-7DE9-4FF0-8942-C4D5185D7ED1}
	EndGlobalSection
EndGlobal
